
Microsoft Visual Studio Solution File, Format Version 12.00
# Visual Studio Version 17
VisualStudioVersion = 17.4.33213.308
MinimumVisualStudioVersion = 10.0.40219.1
Project("{FAE04EC0-301F-11D3-BF4B-00C04F79EFBC}") = "AdoNet", "AdoNet\AdoNet.csproj", "{9B21FD3F-60B3-47C3-8F1A-7FC9E7991E71}"
EndProject
Global
	GlobalSection(SolutionConfigurationPlatforms) = preSolution
		Debug|Any CPU = Debug|Any CPU
		Release|Any CPU = Release|Any CPU
	EndGlobalSection
	GlobalSection(ProjectConfigurationPlatforms) = postSolution
		{9B21FD3F-60B3-47C3-8F1A-7FC9E7991E71}.Debug|Any CPU.ActiveCfg = Debug|Any CPU
		{9B21FD3F-60B3-47C3-8F1A-7FC9E7991E71}.Debug|Any CPU.Build.0 = Debug|Any CPU
		{9B21FD3F-60B3-47C3-8F1A-7FC9E7991E71}.Release|Any CPU.ActiveCfg = Release|Any CPU
		{9B21FD3F-60B3-47C3-8F1A-7FC9E7991E71}.Release|Any CPU.Build.0 = Release|Any CPU
	EndGlobalSection
	GlobalSection(SolutionProperties) = preSolution
		HideSolutionNode = FALSE
	EndGlobalSection
	GlobalSection(ExtensibilityGlobals) = postSolution
		SolutionGuid = {65D5C922-7798-4813-8BFF-339FECA657AB}
	EndGlobalSection
EndGlobal
